
Microsoft Visual Studio Solution File, Format Version 12.00
# Visual Studio Version 16
VisualStudioVersion = 16.0.31112.23
MinimumVisualStudioVersion = 10.0.40219.1
Project("{FAE04EC0-301F-11D3-BF4B-00C04F79EFBC}") = "Web", "Web\Web.csproj", "{52EC71B2-8548-44A8-9C1A-D7CB1B70E0D8}"
EndProject
Project("{2150E333-8FDC-42A3-9474-1A3956D46DE8}") = "Solution Items", "Solution Items", "{AF962103-D23D-4A9B-BBEB-B04009177A65}"
	ProjectSection(SolutionItems) = preProject
		.editorconfig = .editorconfig
	EndProjectSection
EndProject
Global
	GlobalSection(SolutionConfigurationPlatforms) = preSolution
		Debug|Any CPU = Debug|Any CPU
		Release|Any CPU = Release|Any CPU
	EndGlobalSection
	GlobalSection(ProjectConfigurationPlatforms) = postSolution
		{52EC71B2-8548-44A8-9C1A-D7CB1B70E0D8}.Debug|Any CPU.ActiveCfg = Debug|Any CPU
		{52EC71B2-8548-44A8-9C1A-D7CB1B70E0D8}.Debug|Any CPU.Build.0 = Debug|Any CPU
		{52EC71B2-8548-44A8-9C1A-D7CB1B70E0D8}.Release|Any CPU.ActiveCfg = Release|Any CPU
		{52EC71B2-8548-44A8-9C1A-D7CB1B70E0D8}.Release|Any CPU.Build.0 = Release|Any CPU
	EndGlobalSection
	GlobalSection(SolutionProperties) = preSolution
		HideSolutionNode = FALSE
	EndGlobalSection
	GlobalSection(ExtensibilityGlobals) = postSolution
		SolutionGuid = {A39AA33E-790C-4B0B-B304-93B8961BCF8E}
	EndGlobalSection
EndGlobal
